
Microsoft Visual Studio Solution File, Format Version 12.00
# Visual Studio 15
VisualStudioVersion = 15.0.28307.572
MinimumVisualStudioVersion = 10.0.40219.1
Project("{FAE04EC0-301F-11D3-BF4B-00C04F79EFBC}") = "Tatsuno", "Tatsuno\Tatsuno.csproj", "{4311C92F-2979-46C0-AAAD-E337ECFCC1CE}"
EndProject
Global
	GlobalSection(SolutionConfigurationPlatforms) = preSolution
		Debug|Any CPU = Debug|Any CPU
		Release|Any CPU = Release|Any CPU
	EndGlobalSection
	GlobalSection(ProjectConfigurationPlatforms) = postSolution
		{4311C92F-2979-46C0-AAAD-E337ECFCC1CE}.Debug|Any CPU.ActiveCfg = Debug|Any CPU
		{4311C92F-2979-46C0-AAAD-E337ECFCC1CE}.Debug|Any CPU.Build.0 = Debug|Any CPU
		{4311C92F-2979-46C0-AAAD-E337ECFCC1CE}.Release|Any CPU.ActiveCfg = Release|Any CPU
		{4311C92F-2979-46C0-AAAD-E337ECFCC1CE}.Release|Any CPU.Build.0 = Release|Any CPU
	EndGlobalSection
	GlobalSection(SolutionProperties) = preSolution
		HideSolutionNode = FALSE
	EndGlobalSection
	GlobalSection(ExtensibilityGlobals) = postSolution
		SolutionGuid = {902BCBCD-5F8D-4BF1-9380-56BEA48F7602}
	EndGlobalSection
EndGlobal
